// !$*UTF8*$!
{
	archiveVersion = 1;
	classes = {
	};
	objectVersion = 50;
	objects = {

/* Begin PBXBuildFile section */
		FA06DBCA2127B10A005BB399 /* AddFoodPresentationController.swift in Sources */ = {isa = PBXBuildFile; fileRef = FA06DBC92127B10A005BB399 /* AddFoodPresentationController.swift */; };
		FA06DBCC2127B485005BB399 /* SlideInPresentationManager.swift in Sources */ = {isa = PBXBuildFile; fileRef = FA06DBCB2127B485005BB399 /* SlideInPresentationManager.swift */; };
		FA0849A021266657002F4E3B /* AddItemViewController.swift in Sources */ = {isa = PBXBuildFile; fileRef = FA08499F21266657002F4E3B /* AddItemViewController.swift */; };
		FAF643A921211AFC00327A19 /* AppDelegate.swift in Sources */ = {isa = PBXBuildFile; fileRef = FAF643A821211AFC00327A19 /* AppDelegate.swift */; };
		FAF643AB21211AFC00327A19 /* YourPlanViewController.swift in Sources */ = {isa = PBXBuildFile; fileRef = FAF643AA21211AFC00327A19 /* YourPlanViewController.swift */; };
		FAF643AE21211AFC00327A19 /* Main.storyboard in Resources */ = {isa = PBXBuildFile; fileRef = FAF643AC21211AFC00327A19 /* Main.storyboard */; };
		FAF643B021211AFD00327A19 /* Assets.xcassets in Resources */ = {isa = PBXBuildFile; fileRef = FAF643AF21211AFD00327A19 /* Assets.xcassets */; };
		FAF643B321211AFD00327A19 /* LaunchScreen.storyboard in Resources */ = {isa = PBXBuildFile; fileRef = FAF643B121211AFD00327A19 /* LaunchScreen.storyboard */; };
		FAF643BE21211AFD00327A19 /* EasyMealsTests.swift in Sources */ = {isa = PBXBuildFile; fileRef = FAF643BD21211AFD00327A19 /* EasyMealsTests.swift */; };
		FAF643C9212267B100327A19 /* CalendarCell.swift in Sources */ = {isa = PBXBuildFile; fileRef = FAF643C8212267B100327A19 /* CalendarCell.swift */; };
		FAF643CB21227C7D00327A19 /* MealItemCell.swift in Sources */ = {isa = PBXBuildFile; fileRef = FAF643CA21227C7D00327A19 /* MealItemCell.swift */; };
		FAF643CD212285B900327A19 /* MealHeaderCell.swift in Sources */ = {isa = PBXBuildFile; fileRef = FAF643CC212285B900327A19 /* MealHeaderCell.swift */; };
/* End PBXBuildFile section */

/* Begin PBXContainerItemProxy section */
		FAF643BA21211AFD00327A19 /* PBXContainerItemProxy */ = {
			isa = PBXContainerItemProxy;
			containerPortal = FAF6439D21211AFC00327A19 /* Project object */;
			proxyType = 1;
			remoteGlobalIDString = FAF643A421211AFC00327A19;
			remoteInfo = EasyMeals;
		};
/* End PBXContainerItemProxy section */

/* Begin PBXFileReference section */
		FA06DBC92127B10A005BB399 /* AddFoodPresentationController.swift */ = {isa = PBXFileReference; lastKnownFileType = sourcecode.swift; path = AddFoodPresentationController.swift; sourceTree = "<group>"; };
		FA06DBCB2127B485005BB399 /* SlideInPresentationManager.swift */ = {isa = PBXFileReference; lastKnownFileType = sourcecode.swift; path = SlideInPresentationManager.swift; sourceTree = "<group>"; };
		FA08499F21266657002F4E3B /* AddItemViewController.swift */ = {isa = PBXFileReference; lastKnownFileType = sourcecode.swift; path = AddItemViewController.swift; sourceTree = "<group>"; };
		FAF643A521211AFC00327A19 /* EasyMeals.app */ = {isa = PBXFileReference; explicitFileType = wrapper.application; includeInIndex = 0; path = EasyMeals.app; sourceTree = BUILT_PRODUCTS_DIR; };
		FAF643A821211AFC00327A19 /* AppDelegate.swift */ = {isa = PBXFileReference; lastKnownFileType = sourcecode.swift; path = AppDelegate.swift; sourceTree = "<group>"; };
		FAF643AA21211AFC00327A19 /* YourPlanViewController.swift */ = {isa = PBXFileReference; lastKnownFileType = sourcecode.swift; path = YourPlanViewController.swift; sourceTree = "<group>"; };
		FAF643AD21211AFC00327A19 /* Base */ = {isa = PBXFileReference; lastKnownFileType = file.storyboard; name = Base; path = Base.lproj/Main.storyboard; sourceTree = "<group>"; };
		FAF643AF21211AFD00327A19 /* Assets.xcassets */ = {isa = PBXFileReference; lastKnownFileType = folder.assetcatalog; path = Assets.xcassets; sourceTree = "<group>"; };
		FAF643B221211AFD00327A19 /* Base */ = {isa = PBXFileReference; lastKnownFileType = file.storyboard; name = Base; path = Base.lproj/LaunchScreen.storyboard; sourceTree = "<group>"; };
		FAF643B421211AFD00327A19 /* Info.plist */ = {isa = PBXFileReference; lastKnownFileType = text.plist.xml; path = Info.plist; sourceTree = "<group>"; };
		FAF643B921211AFD00327A19 /* EasyMealsTests.xctest */ = {isa = PBXFileReference; explicitFileType = wrapper.cfbundle; includeInIndex = 0; path = EasyMealsTests.xctest; sourceTree = BUILT_PRODUCTS_DIR; };
		FAF643BD21211AFD00327A19 /* EasyMealsTests.swift */ = {isa = PBXFileReference; lastKnownFileType = sourcecode.swift; path = EasyMealsTests.swift; sourceTree = "<group>"; };
		FAF643BF21211AFD00327A19 /* Info.plist */ = {isa = PBXFileReference; lastKnownFileType = text.plist.xml; path = Info.plist; sourceTree = "<group>"; };
		FAF643C8212267B100327A19 /* CalendarCell.swift */ = {isa = PBXFileReference; lastKnownFileType = sourcecode.swift; path = CalendarCell.swift; sourceTree = "<group>"; };
		FAF643CA21227C7D00327A19 /* MealItemCell.swift */ = {isa = PBXFileReference; lastKnownFileType = sourcecode.swift; path = MealItemCell.swift; sourceTree = "<group>"; };
		FAF643CC212285B900327A19 /* MealHeaderCell.swift */ = {isa = PBXFileReference; lastKnownFileType = sourcecode.swift; path = MealHeaderCell.swift; sourceTree = "<group>"; };
/* End PBXFileReference section */

/* Begin PBXFrameworksBuildPhase section */
		FAF643A221211AFC00327A19 /* Frameworks */ = {
			isa = PBXFrameworksBuildPhase;
			buildActionMask = 2147483647;
			files = (
			);
			runOnlyForDeploymentPostprocessing = 0;
		};
		FAF643B621211AFD00327A19 /* Frameworks */ = {
			isa = PBXFrameworksBuildPhase;
			buildActionMask = 2147483647;
			files = (
			);
			runOnlyForDeploymentPostprocessing = 0;
		};
/* End PBXFrameworksBuildPhase section */

/* Begin PBXGroup section */
		FAF6439C21211AFC00327A19 = {
			isa = PBXGroup;
			children = (
				FAF643A721211AFC00327A19 /* EasyMeals */,
				FAF643BC21211AFD00327A19 /* EasyMealsTests */,
				FAF643A621211AFC00327A19 /* Products */,
			);
			sourceTree = "<group>";
		};
		FAF643A621211AFC00327A19 /* Products */ = {
			isa = PBXGroup;
			children = (
				FAF643A521211AFC00327A19 /* EasyMeals.app */,
				FAF643B921211AFD00327A19 /* EasyMealsTests.xctest */,
			);
			name = Products;
			sourceTree = "<group>";
		};
		FAF643A721211AFC00327A19 /* EasyMeals */ = {
			isa = PBXGroup;
			children = (
				FAF643A821211AFC00327A19 /* AppDelegate.swift */,
				FAF643AA21211AFC00327A19 /* YourPlanViewController.swift */,
				FAF643C8212267B100327A19 /* CalendarCell.swift */,
				FAF643AC21211AFC00327A19 /* Main.storyboard */,
				FAF643CC212285B900327A19 /* MealHeaderCell.swift */,
				FAF643CA21227C7D00327A19 /* MealItemCell.swift */,
				FAF643AF21211AFD00327A19 /* Assets.xcassets */,
				FAF643B121211AFD00327A19 /* LaunchScreen.storyboard */,
				FAF643B421211AFD00327A19 /* Info.plist */,
				FA08499F21266657002F4E3B /* AddItemViewController.swift */,
				FA06DBC92127B10A005BB399 /* AddFoodPresentationController.swift */,
				FA06DBCB2127B485005BB399 /* SlideInPresentationManager.swift */,
			);
			path = EasyMeals;
			sourceTree = "<group>";
		};
		FAF643BC21211AFD00327A19 /* EasyMealsTests */ = {
			isa = PBXGroup;
			children = (
				FAF643BD21211AFD00327A19 /* EasyMealsTests.swift */,
				FAF643BF21211AFD00327A19 /* Info.plist */,
			);
			path = EasyMealsTests;
			sourceTree = "<group>";
		};
/* End PBXGroup section */

/* Begin PBXNativeTarget section */
		FAF643A421211AFC00327A19 /* EasyMeals */ = {
			isa = PBXNativeTarget;
			buildConfigurationList = FAF643C221211AFD00327A19 /* Build configuration list for PBXNativeTarget "EasyMeals" */;
			buildPhases = (
				FAF643A121211AFC00327A19 /* Sources */,
				FAF643A221211AFC00327A19 /* Frameworks */,
				FAF643A321211AFC00327A19 /* Resources */,
			);
			buildRules = (
			);
			dependencies = (
			);
			name = EasyMeals;
			productName = EasyMeals;
			productReference = FAF643A521211AFC00327A19 /* EasyMeals.app */;
			productType = "com.apple.product-type.application";
		};
		FAF643B821211AFD00327A19 /* EasyMealsTests */ = {
			isa = PBXNativeTarget;
			buildConfigurationList = FAF643C521211AFD00327A19 /* Build configuration list for PBXNativeTarget "EasyMealsTests" */;
			buildPhases = (
				FAF643B521211AFD00327A19 /* Sources */,
				FAF643B621211AFD00327A19 /* Frameworks */,
				FAF643B721211AFD00327A19 /* Resources */,
			);
			buildRules = (
			);
			dependencies = (
				FAF643BB21211AFD00327A19 /* PBXTargetDependency */,
			);
			name = EasyMealsTests;
			productName = EasyMealsTests;
			productReference = FAF643B921211AFD00327A19 /* EasyMealsTests.xctest */;
			productType = "com.apple.product-type.bundle.unit-test";
		};
/* End PBXNativeTarget section */

/* Begin PBXProject section */
		FAF6439D21211AFC00327A19 /* Project object */ = {
			isa = PBXProject;
			attributes = {
				LastSwiftUpdateCheck = 0940;
				LastUpgradeCheck = 0940;
				ORGANIZATIONNAME = "Alex Grimes";
				TargetAttributes = {
					FAF643A421211AFC00327A19 = {
						CreatedOnToolsVersion = 9.4.1;
					};
					FAF643B821211AFD00327A19 = {
						CreatedOnToolsVersion = 9.4.1;
						TestTargetID = FAF643A421211AFC00327A19;
					};
				};
			};
			buildConfigurationList = FAF643A021211AFC00327A19 /* Build configuration list for PBXProject "EasyMeals" */;
			compatibilityVersion = "Xcode 9.3";
			developmentRegion = en;
			hasScannedForEncodings = 0;
			knownRegions = (
				en,
				Base,
			);
			mainGroup = FAF6439C21211AFC00327A19;
			productRefGroup = FAF643A621211AFC00327A19 /* Products */;
			projectDirPath = "";
			projectRoot = "";
			targets = (
				FAF643A421211AFC00327A19 /* EasyMeals */,
				FAF643B821211AFD00327A19 /* EasyMealsTests */,
			);
		};
/* End PBXProject section */

/* Begin PBXResourcesBuildPhase section */
		FAF643A321211AFC00327A19 /* Resources */ = {
			isa = PBXResourcesBuildPhase;
			buildActionMask = 2147483647;
			files = (
				FAF643B321211AFD00327A19 /* LaunchScreen.storyboard in Resources */,
				FAF643B021211AFD00327A19 /* Assets.xcassets in Resources */,
				FAF643AE21211AFC00327A19 /* Main.storyboard in Resources */,
			);
			runOnlyForDeploymentPostprocessing = 0;
		};
		FAF643B721211AFD00327A19 /* Resources */ = {
			isa = PBXResourcesBuildPhase;
			buildActionMask = 2147483647;
			files = (
			);
			runOnlyForDeploymentPostprocessing = 0;
		};
/* End PBXResourcesBuildPhase section */

/* Begin PBXSourcesBuildPhase section */
		FAF643A121211AFC00327A19 /* Sources */ = {
			isa = PBXSourcesBuildPhase;
			buildActionMask = 2147483647;
			files = (
				FAF643AB21211AFC00327A19 /* YourPlanViewController.swift in Sources */,
				FAF643CD212285B900327A19 /* MealHeaderCell.swift in Sources */,
				FAF643C9212267B100327A19 /* CalendarCell.swift in Sources */,
				FAF643A921211AFC00327A19 /* AppDelegate.swift in Sources */,
				FA06DBCC2127B485005BB399 /* SlideInPresentationManager.swift in Sources */,
				FAF643CB21227C7D00327A19 /* MealItemCell.swift in Sources */,
				FA0849A021266657002F4E3B /* AddItemViewController.swift in Sources */,
				FA06DBCA2127B10A005BB399 /* AddFoodPresentationController.swift in Sources */,
			);
			runOnlyForDeploymentPostprocessing = 0;
		};
		FAF643B521211AFD00327A19 /* Sources */ = {
			isa = PBXSourcesBuildPhase;
			buildActionMask = 2147483647;
			files = (
				FAF643BE21211AFD00327A19 /* EasyMealsTests.swift in Sources */,
			);
			runOnlyForDeploymentPostprocessing = 0;
		};
/* End PBXSourcesBuildPhase section */

/* Begin PBXTargetDependency section */
		FAF643BB21211AFD00327A19 /* PBXTargetDependency */ = {
			isa = PBXTargetDependency;
			target = FAF643A421211AFC00327A19 /* EasyMeals */;
			targetProxy = FAF643BA21211AFD00327A19 /* PBXContainerItemProxy */;
		};
/* End PBXTargetDependency section */

/* Begin PBXVariantGroup section */
		FAF643AC21211AFC00327A19 /* Main.storyboard */ = {
			isa = PBXVariantGroup;
			children = (
				FAF643AD21211AFC00327A19 /* Base */,
			);
			name = Main.storyboard;
			sourceTree = "<group>";
		};
		FAF643B121211AFD00327A19 /* LaunchScreen.storyboard */ = {
			isa = PBXVariantGroup;
			children = (
				FAF643B221211AFD00327A19 /* Base */,
			);
			name = LaunchScreen.storyboard;
			sourceTree = "<group>";
		};
/* End PBXVariantGroup section */

/* Begin XCBuildConfiguration section */
		FAF643C021211AFD00327A19 /* Debug */ = {
			isa = XCBuildConfiguration;
			buildSettings = {
				ALWAYS_SEARCH_USER_PATHS = NO;
				CLANG_ANALYZER_NONNULL = YES;
				CLANG_ANALYZER_NUMBER_OBJECT_CONVERSION = YES_AGGRESSIVE;
				CLANG_CXX_LANGUAGE_STANDARD = "gnu++14";
				CLANG_CXX_LIBRARY = "libc++";
				CLANG_ENABLE_MODULES = YES;
				CLANG_ENABLE_OBJC_ARC = YES;
				CLANG_ENABLE_OBJC_WEAK = YES;
				CLANG_WARN_BLOCK_CAPTURE_AUTORELEASING = YES;
				CLANG_WARN_BOOL_CONVERSION = YES;
				CLANG_WARN_COMMA = YES;
				CLANG_WARN_CONSTANT_CONVERSION = YES;
				CLANG_WARN_DEPRECATED_OBJC_IMPLEMENTATIONS = YES;
				CLANG_WARN_DIRECT_OBJC_ISA_USAGE = YES_ERROR;
				CLANG_WARN_DOCUMENTATION_COMMENTS = YES;
				CLANG_WARN_EMPTY_BODY = YES;
				CLANG_WARN_ENUM_CONVERSION = YES;
				CLANG_WARN_INFINITE_RECURSION = YES;
				CLANG_WARN_INT_CONVERSION = YES;
				CLANG_WARN_NON_LITERAL_NULL_CONVERSION = YES;
				CLANG_WARN_OBJC_IMPLICIT_RETAIN_SELF = YES;
				CLANG_WARN_OBJC_LITERAL_CONVERSION = YES;
				CLANG_WARN_OBJC_ROOT_CLASS = YES_ERROR;
				CLANG_WARN_RANGE_LOOP_ANALYSIS = YES;
				CLANG_WARN_STRICT_PROTOTYPES = YES;
				CLANG_WARN_SUSPICIOUS_MOVE = YES;
				CLANG_WARN_UNGUARDED_AVAILABILITY = YES_AGGRESSIVE;
				CLANG_WARN_UNREACHABLE_CODE = YES;
				CLANG_WARN__DUPLICATE_METHOD_MATCH = YES;
				CODE_SIGN_IDENTITY = "iPhone Developer";
				COPY_PHASE_STRIP = NO;
				DEBUG_INFORMATION_FORMAT = dwarf;
				ENABLE_STRICT_OBJC_MSGSEND = YES;
				ENABLE_TESTABILITY = YES;
				GCC_C_LANGUAGE_STANDARD = gnu11;
				GCC_DYNAMIC_NO_PIC = NO;
				GCC_NO_COMMON_BLOCKS = YES;
				GCC_OPTIMIZATION_LEVEL = 0;
				GCC_PREPROCESSOR_DEFINITIONS = (
					"DEBUG=1",
					"$(inherited)",
				);
				GCC_WARN_64_TO_32_BIT_CONVERSION = YES;
				GCC_WARN_ABOUT_RETURN_TYPE = YES_ERROR;
				GCC_WARN_UNDECLARED_SELECTOR = YES;
				GCC_WARN_UNINITIALIZED_AUTOS = YES_AGGRESSIVE;
				GCC_WARN_UNUSED_FUNCTION = YES;
				GCC_WARN_UNUSED_VARIABLE = YES;
				IPHONEOS_DEPLOYMENT_TARGET = 11.4;
				MTL_ENABLE_DEBUG_INFO = YES;
				ONLY_ACTIVE_ARCH = YES;
				SDKROOT = iphoneos;
				SWIFT_ACTIVE_COMPILATION_CONDITIONS = DEBUG;
				SWIFT_OPTIMIZATION_LEVEL = "-Onone";
			};
			name = Debug;
		};
		FAF643C121211AFD00327A19 /* Release */ = {
			isa = XCBuildConfiguration;
			buildSettings = {
				ALWAYS_SEARCH_USER_PATHS = NO;
				CLANG_ANALYZER_NONNULL = YES;
				CLANG_ANALYZER_NUMBER_OBJECT_CONVERSION = YES_AGGRESSIVE;
				CLANG_CXX_LANGUAGE_STANDARD = "gnu++14";
				CLANG_CXX_LIBRARY = "libc++";
				CLANG_ENABLE_MODULES = YES;
				CLANG_ENABLE_OBJC_ARC = YES;
				CLANG_ENABLE_OBJC_WEAK = YES;
				CLANG_WARN_BLOCK_CAPTURE_AUTORELEASING = YES;
				CLANG_WARN_BOOL_CONVERSION = YES;
				CLANG_WARN_COMMA = YES;
				CLANG_WARN_CONSTANT_CONVERSION = YES;
				CLANG_WARN_DEPRECATED_OBJC_IMPLEMENTATIONS = YES;
				CLANG_WARN_DIRECT_OBJC_ISA_USAGE = YES_ERROR;
				CLANG_WARN_DOCUMENTATION_COMMENTS = YES;
				CLANG_WARN_EMPTY_BODY = YES;
				CLANG_WARN_ENUM_CONVERSION = YES;
				CLANG_WARN_INFINITE_RECURSION = YES;
				CLANG_WARN_INT_CONVERSION = YES;
				CLANG_WARN_NON_LITERAL_NULL_CONVERSION = YES;
				CLANG_WARN_OBJC_IMPLICIT_RETAIN_SELF = YES;
				CLANG_WARN_OBJC_LITERAL_CONVERSION = YES;
				CLANG_WARN_OBJC_ROOT_CLASS = YES_ERROR;
				CLANG_WARN_RANGE_LOOP_ANALYSIS = YES;
				CLANG_WARN_STRICT_PROTOTYPES = YES;
				CLANG_WARN_SUSPICIOUS_MOVE = YES;
				CLANG_WARN_UNGUARDED_AVAILABILITY = YES_AGGRESSIVE;
				CLANG_WARN_UNREACHABLE_CODE = YES;
				CLANG_WARN__DUPLICATE_METHOD_MATCH = YES;
				CODE_SIGN_IDENTITY = "iPhone Developer";
				COPY_PHASE_STRIP = NO;
				DEBUG_INFORMATION_FORMAT = "dwarf-with-dsym";
				ENABLE_NS_ASSERTIONS = NO;
				ENABLE_STRICT_OBJC_MSGSEND = YES;
				GCC_C_LANGUAGE_STANDARD = gnu11;
				GCC_NO_COMMON_BLOCKS = YES;
				GCC_WARN_64_TO_32_BIT_CONVERSION = YES;
				GCC_WARN_ABOUT_RETURN_TYPE = YES_ERROR;
				GCC_WARN_UNDECLARED_SELECTOR = YES;
				GCC_WARN_UNINITIALIZED_AUTOS = YES_AGGRESSIVE;
				GCC_WARN_UNUSED_FUNCTION = YES;
				GCC_WARN_UNUSED_VARIABLE = YES;
				IPHONEOS_DEPLOYMENT_TARGET = 11.4;
				MTL_ENABLE_DEBUG_INFO = NO;
				SDKROOT = iphoneos;
				SWIFT_COMPILATION_MODE = wholemodule;
				SWIFT_OPTIMIZATION_LEVEL = "-O";
				VALIDATE_PRODUCT = YES;
			};
			name = Release;
		};
		FAF643C321211AFD00327A19 /* Debug */ = {
			isa = XCBuildConfiguration;
			buildSettings = {
				ASSETCATALOG_COMPILER_APPICON_NAME = AppIcon;
				CODE_SIGN_STYLE = Automatic;
				DEVELOPMENT_TEAM = V8LG346P7T;
				INFOPLIST_FILE = EasyMeals/Info.plist;
				LD_RUNPATH_SEARCH_PATHS = (
					"$(inherited)",
					"@executable_path/Frameworks",
				);
				PRODUCT_BUNDLE_IDENTIFIER = com.alexkgrimes.EasyMeals;
				PRODUCT_NAME = "$(TARGET_NAME)";
				SWIFT_VERSION = 4.0;
				TARGETED_DEVICE_FAMILY = "1,2";
			};
			name = Debug;
		};
		FAF643C421211AFD00327A19 /* Release */ = {
			isa = XCBuildConfiguration;
			buildSettings = {
				ASSETCATALOG_COMPILER_APPICON_NAME = AppIcon;
				CODE_SIGN_STYLE = Automatic;
				DEVELOPMENT_TEAM = V8LG346P7T;
				INFOPLIST_FILE = EasyMeals/Info.plist;
				LD_RUNPATH_SEARCH_PATHS = (
					"$(inherited)",
					"@executable_path/Frameworks",
				);
				PRODUCT_BUNDLE_IDENTIFIER = com.alexkgrimes.EasyMeals;
				PRODUCT_NAME = "$(TARGET_NAME)";
				SWIFT_VERSION = 4.0;
				TARGETED_DEVICE_FAMILY = "1,2";
			};
			name = Release;
		};
		FAF643C621211AFD00327A19 /* Debug */ = {
			isa = XCBuildConfiguration;
			buildSettings = {
				ALWAYS_EMBED_SWIFT_STANDARD_LIBRARIES = YES;
				BUNDLE_LOADER = "$(TEST_HOST)";
				CODE_SIGN_STYLE = Automatic;
				DEVELOPMENT_TEAM = V8LG346P7T;
				INFOPLIST_FILE = EasyMealsTests/Info.plist;
				LD_RUNPATH_SEARCH_PATHS = (
					"$(inherited)",
					"@executable_path/Frameworks",
					"@loader_path/Frameworks",
				);
				PRODUCT_BUNDLE_IDENTIFIER = com.alexkgrimes.EasyMealsTests;
				PRODUCT_NAME = "$(TARGET_NAME)";
				SWIFT_VERSION = 4.0;
				TARGETED_DEVICE_FAMILY = "1,2";
				TEST_HOST = "$(BUILT_PRODUCTS_DIR)/EasyMeals.app/EasyMeals";
			};
			name = Debug;
		};
		FAF643C721211AFD00327A19 /* Release */ = {
			isa = XCBuildConfiguration;
			buildSettings = {
				ALWAYS_EMBED_SWIFT_STANDARD_LIBRARIES = YES;
				BUNDLE_LOADER = "$(TEST_HOST)";
				CODE_SIGN_STYLE = Automatic;
				DEVELOPMENT_TEAM = V8LG346P7T;
				INFOPLIST_FILE = EasyMealsTests/Info.plist;
				LD_RUNPATH_SEARCH_PATHS = (
					"$(inherited)",
					"@executable_path/Frameworks",
					"@loader_path/Frameworks",
				);
				PRODUCT_BUNDLE_IDENTIFIER = com.alexkgrimes.EasyMealsTests;
				PRODUCT_NAME = "$(TARGET_NAME)";
				SWIFT_VERSION = 4.0;
				TARGETED_DEVICE_FAMILY = "1,2";
				TEST_HOST = "$(BUILT_PRODUCTS_DIR)/EasyMeals.app/EasyMeals";
			};
			name = Release;
		};
/* End XCBuildConfiguration section */

/* Begin XCConfigurationList section */
		FAF643A021211AFC00327A19 /* Build configuration list for PBXProject "EasyMeals" */ = {
			isa = XCConfigurationList;
			buildConfigurations = (
				FAF643C021211AFD00327A19 /* Debug */,
				FAF643C121211AFD00327A19 /* Release */,
			);
			defaultConfigurationIsVisible = 0;
			defaultConfigurationName = Release;
		};
		FAF643C221211AFD00327A19 /* Build configuration list for PBXNativeTarget "EasyMeals" */ = {
			isa = XCConfigurationList;
			buildConfigurations = (
				FAF643C321211AFD00327A19 /* Debug */,
				FAF643C421211AFD00327A19 /* Release */,
			);
			defaultConfigurationIsVisible = 0;
			defaultConfigurationName = Release;
		};
		FAF643C521211AFD00327A19 /* Build configuration list for PBXNativeTarget "EasyMealsTests" */ = {
			isa = XCConfigurationList;
			buildConfigurations = (
				FAF643C621211AFD00327A19 /* Debug */,
				FAF643C721211AFD00327A19 /* Release */,
			);
			defaultConfigurationIsVisible = 0;
			defaultConfigurationName = Release;
		};
/* End XCConfigurationList section */
	};
	rootObject = FAF6439D21211AFC00327A19 /* Project object */;
}
